PODS:
  - Just (0.7.1)
  - Kingfisher (5.6.0)
  - QuickTableViewController (1.2.0)
  - SwiftyJSON (5.0.0)

DEPENDENCIES:
  - Just
  - Kingfisher
  - QuickTableViewController
  - SwiftyJSON

SPEC REPOS:
  https://github.com/cocoapods/specs.git:
    - Just
    - Kingfisher
    - QuickTableViewController
    - SwiftyJSON

SPEC CHECKSUMS:
  Just: 60c0995e04718eb621a07abef45ce6883c562f2b
  Kingfisher: 1a50df6880a60bae26f3e21a0df3d17b892f5e0b
  QuickTableViewController: 4730f2b4044e6b6805ee898e1794ecbb83898f20
  SwiftyJSON: 36413e04c44ee145039d332b4f4e2d3e8d6c4db7

PODFILE CHECKSUM: 528d5c1312679247860f889d759a220d11ca4ada

COCOAPODS: 1.5.3
