PODS:
  - Kingfisher (5.3.0)
  - QuickTableViewController (1.1.0)
  - SwiftyJSON (4.1.0)

DEPENDENCIES:
  - Kingfisher (~> 5.3)
  - QuickTableViewController
  - SwiftyJSON (~> 4.0)

SPEC REPOS:
  https://github.com/cocoapods/specs.git:
    - Kingfisher
    - QuickTableViewController
    - SwiftyJSON

SPEC CHECKSUMS:
  Kingfisher: 4692c783ffb99e9e2e40a6eb3e518c3b96c6fa8c
  QuickTableViewController: 129e71fc37a69991aff02bc946723d51a13d6aa5
  SwiftyJSON: c29297daf073d2aa016295d5809cdd68045c39b3

PODFILE CHECKSUM: 91c064af1366e31579c5e9a676199190135c6c6c

COCOAPODS: 1.5.3
