// !$*UTF8*$!
{
	archiveVersion = 1;
	classes = {
	};
	objectVersion = 50;
	objects = {

/* Begin PBXBuildFile section */
		78123A3A22C1A7A500BF768A /* Dungeon.swift in Sources */ = {isa = PBXBuildFile; fileRef = 78123A3922C1A7A500BF768A /* Dungeon.swift */; };
		7828D0742208E3CD0004E6CD /* related_dungeon_utils.swift in Sources */ = {isa = PBXBuildFile; fileRef = 7828D0732208E3CD0004E6CD /* related_dungeon_utils.swift */; };
		78465643222087F100B5B593 /* WaveTable.swift in Sources */ = {isa = PBXBuildFile; fileRef = 78465642222087F100B5B593 /* WaveTable.swift */; };
		784656452220886A00B5B593 /* WaveCell.swift in Sources */ = {isa = PBXBuildFile; fileRef = 784656442220886A00B5B593 /* WaveCell.swift */; };
		7846564922209D1100B5B593 /* ViewUtils.swift in Sources */ = {isa = PBXBuildFile; fileRef = 7846564822209D1100B5B593 /* ViewUtils.swift */; };
		7846564B2220E8D300B5B593 /* ConstraintWrapper.swift in Sources */ = {isa = PBXBuildFile; fileRef = 7846564A2220E8D300B5B593 /* ConstraintWrapper.swift */; };
		7870DAEE231DE97B0038746D /* collab_utils.swift in Sources */ = {isa = PBXBuildFile; fileRef = 7870DAED231DE97B0038746D /* collab_utils.swift */; };
		787DF38621FA7601001FB99C /* DungeonTable.swift in Sources */ = {isa = PBXBuildFile; fileRef = 787DF38521FA7600001FB99C /* DungeonTable.swift */; };
		787DF38921FA7693001FB99C /* DungeonTableUtils.swift in Sources */ = {isa = PBXBuildFile; fileRef = 787DF38821FA7693001FB99C /* DungeonTableUtils.swift */; };
		787DF38E21FA8048001FB99C /* DungeonCell.swift in Sources */ = {isa = PBXBuildFile; fileRef = 787DF38D21FA8048001FB99C /* DungeonCell.swift */; };
		7888153521ED8B02004981D2 /* skill_table.swift in Sources */ = {isa = PBXBuildFile; fileRef = 7888153421ED8B02004981D2 /* skill_table.swift */; };
		7888153721ED8CAB004981D2 /* skill_table_utils.swift in Sources */ = {isa = PBXBuildFile; fileRef = 7888153621ED8CAB004981D2 /* skill_table_utils.swift */; };
		7888153921ED8D8F004981D2 /* skill_cell.swift in Sources */ = {isa = PBXBuildFile; fileRef = 7888153821ED8D8F004981D2 /* skill_cell.swift */; };
		789EA54B22022F60004F9A68 /* EncounterView.swift in Sources */ = {isa = PBXBuildFile; fileRef = 789EA54A22022F60004F9A68 /* EncounterView.swift */; };
		789EA54D22023199004F9A68 /* EncounterUtils.swift in Sources */ = {isa = PBXBuildFile; fileRef = 789EA54C22023199004F9A68 /* EncounterUtils.swift */; };
		789EA55022023238004F9A68 /* Utils.swift in Sources */ = {isa = PBXBuildFile; fileRef = 789EA54F22023238004F9A68 /* Utils.swift */; };
		789EA55422038C75004F9A68 /* Guerrilla.swift in Sources */ = {isa = PBXBuildFile; fileRef = 789EA55322038C75004F9A68 /* Guerrilla.swift */; };
		789EA55A2203AE77004F9A68 /* download_monster_data.swift in Sources */ = {isa = PBXBuildFile; fileRef = 789EA5592203AE77004F9A68 /* download_monster_data.swift */; };
		789EA55C2203AEE2004F9A68 /* download_skill_data.swift in Sources */ = {isa = PBXBuildFile; fileRef = 789EA55B2203AEE2004F9A68 /* download_skill_data.swift */; };
		789EA55E2203AF27004F9A68 /* download_dungeon_data.swift in Sources */ = {isa = PBXBuildFile; fileRef = 789EA55D2203AF27004F9A68 /* download_dungeon_data.swift */; };
		789EA5622203B01C004F9A68 /* download_guerrilla_data.swift in Sources */ = {isa = PBXBuildFile; fileRef = 789EA5612203B01C004F9A68 /* download_guerrilla_data.swift */; };
		789EA5642204A404004F9A68 /* GlobalVars.swift in Sources */ = {isa = PBXBuildFile; fileRef = 789EA5632204A404004F9A68 /* GlobalVars.swift */; };
		78A348232291D9B400C6151F /* Monster.swift in Sources */ = {isa = PBXBuildFile; fileRef = 78A348222291D9B400C6151F /* Monster.swift */; };
		78A348252292178400C6151F /* Skill.swift in Sources */ = {isa = PBXBuildFile; fileRef = 78A348242292178400C6151F /* Skill.swift */; };
		78A64676220A2B1C0043429F /* Settings.swift in Sources */ = {isa = PBXBuildFile; fileRef = 78A64675220A2B1C0043429F /* Settings.swift */; };
		78AC396821F13CF10094CCA7 /* guerrilla_utils.swift in Sources */ = {isa = PBXBuildFile; fileRef = 78AC396721F13CF10094CCA7 /* guerrilla_utils.swift */; };
		78B00307211CA297001F246E /* AppDelegate.swift in Sources */ = {isa = PBXBuildFile; fileRef = 78B00306211CA297001F246E /* AppDelegate.swift */; };
		78B00311211CA297001F246E /* Assets.xcassets in Resources */ = {isa = PBXBuildFile; fileRef = 78B00310211CA297001F246E /* Assets.xcassets */; };
		78B0031C211CA2FC001F246E /* monster_table.swift in Sources */ = {isa = PBXBuildFile; fileRef = 78B0031B211CA2FC001F246E /* monster_table.swift */; };
		78B54A6A21FF9E030076EEA7 /* FloorTable.swift in Sources */ = {isa = PBXBuildFile; fileRef = 78B54A6921FF9E030076EEA7 /* FloorTable.swift */; };
		78B54A6C22011AA10076EEA7 /* Constants.swift in Sources */ = {isa = PBXBuildFile; fileRef = 78B54A6B22011AA10076EEA7 /* Constants.swift */; };
		78B54A6F2201263A0076EEA7 /* FloorCell.swift in Sources */ = {isa = PBXBuildFile; fileRef = 78B54A6E2201263A0076EEA7 /* FloorCell.swift */; };
		78D12D4621E95E6900F4971A /* monster_table_utils.swift in Sources */ = {isa = PBXBuildFile; fileRef = 78D12D4521E95E6900F4971A /* monster_table_utils.swift */; };
		78D1EAEF21EA97BC002D4197 /* monster_vc_utils.swift in Sources */ = {isa = PBXBuildFile; fileRef = 78D1EAEE21EA97BC002D4197 /* monster_vc_utils.swift */; };
		78D1EAF321EBF261002D4197 /* stat_utils.swift in Sources */ = {isa = PBXBuildFile; fileRef = 78D1EAF221EBF261002D4197 /* stat_utils.swift */; };
		78D1EAF521EBF2A7002D4197 /* header_utils.swift in Sources */ = {isa = PBXBuildFile; fileRef = 78D1EAF421EBF2A7002D4197 /* header_utils.swift */; };
		78D1EAF721EBF2CA002D4197 /* awoken_skill_utils.swift in Sources */ = {isa = PBXBuildFile; fileRef = 78D1EAF621EBF2CA002D4197 /* awoken_skill_utils.swift */; };
		78D1EAF921EBF2FA002D4197 /* skill_utils.swift in Sources */ = {isa = PBXBuildFile; fileRef = 78D1EAF821EBF2FA002D4197 /* skill_utils.swift */; };
		78D1EAFB21EBF31D002D4197 /* evo_utils.swift in Sources */ = {isa = PBXBuildFile; fileRef = 78D1EAFA21EBF31D002D4197 /* evo_utils.swift */; };
		78D1EAFD21EC0ACA002D4197 /* sale_item_utils.swift in Sources */ = {isa = PBXBuildFile; fileRef = 78D1EAFC21EC0ACA002D4197 /* sale_item_utils.swift */; };
		78D6885621CB07BD001C0DEF /* guerrilla_table.swift in Sources */ = {isa = PBXBuildFile; fileRef = 78D6885521CB07BD001C0DEF /* guerrilla_table.swift */; };
		78D6885921CB4DAC001C0DEF /* guerrilla_cell.swift in Sources */ = {isa = PBXBuildFile; fileRef = 78D6885821CB4DAC001C0DEF /* guerrilla_cell.swift */; };
		78D6885C21E5459F001C0DEF /* TabController.swift in Sources */ = {isa = PBXBuildFile; fileRef = 78D6885B21E5459F001C0DEF /* TabController.swift */; };
		78D6885E21E55613001C0DEF /* monster_cell.swift in Sources */ = {isa = PBXBuildFile; fileRef = 78D6885D21E55613001C0DEF /* monster_cell.swift */; };
		78D6886421E6B357001C0DEF /* monster_view.swift in Sources */ = {isa = PBXBuildFile; fileRef = 78D6886321E6B357001C0DEF /* monster_view.swift */; };
		78D6886621E6F431001C0DEF /* multiplier_utils.swift in Sources */ = {isa = PBXBuildFile; fileRef = 78D6886521E6F431001C0DEF /* multiplier_utils.swift */; };
		78F0374B21EC5666002B7468 /* Storyboard.storyboard in Resources */ = {isa = PBXBuildFile; fileRef = 78F0374A21EC5666002B7468 /* Storyboard.storyboard */; };
		78F0782321ED990300F0DE1B /* skill_cell_utils.swift in Sources */ = {isa = PBXBuildFile; fileRef = 78F0782221ED990300F0DE1B /* skill_cell_utils.swift */; };
		AAC40FF05CCDAD282B5256E7 /* Pods_pad_db.framework in Frameworks */ = {isa = PBXBuildFile; fileRef = E7DA29BB8DC4A4C0F3A8FFFC /* Pods_pad_db.framework */; };
/* End PBXBuildFile section */

/* Begin PBXFileReference section */
		78123A3922C1A7A500BF768A /* Dungeon.swift */ = {isa = PBXFileReference; lastKnownFileType = sourcecode.swift; path = Dungeon.swift; sourceTree = "<group>"; };
		7828D0732208E3CD0004E6CD /* related_dungeon_utils.swift */ = {isa = PBXFileReference; lastKnownFileType = sourcecode.swift; path = related_dungeon_utils.swift; sourceTree = "<group>"; };
		78465642222087F100B5B593 /* WaveTable.swift */ = {isa = PBXFileReference; lastKnownFileType = sourcecode.swift; path = WaveTable.swift; sourceTree = "<group>"; };
		784656442220886A00B5B593 /* WaveCell.swift */ = {isa = PBXFileReference; lastKnownFileType = sourcecode.swift; path = WaveCell.swift; sourceTree = "<group>"; };
		7846564822209D1100B5B593 /* ViewUtils.swift */ = {isa = PBXFileReference; lastKnownFileType = sourcecode.swift; path = ViewUtils.swift; sourceTree = "<group>"; };
		7846564A2220E8D300B5B593 /* ConstraintWrapper.swift */ = {isa = PBXFileReference; lastKnownFileType = sourcecode.swift; path = ConstraintWrapper.swift; sourceTree = "<group>"; };
		7870DAED231DE97B0038746D /* collab_utils.swift */ = {isa = PBXFileReference; lastKnownFileType = sourcecode.swift; path = collab_utils.swift; sourceTree = "<group>"; };
		787DF38521FA7600001FB99C /* DungeonTable.swift */ = {isa = PBXFileReference; lastKnownFileType = sourcecode.swift; path = DungeonTable.swift; sourceTree = "<group>"; };
		787DF38821FA7693001FB99C /* DungeonTableUtils.swift */ = {isa = PBXFileReference; lastKnownFileType = sourcecode.swift; path = DungeonTableUtils.swift; sourceTree = "<group>"; };
		787DF38D21FA8048001FB99C /* DungeonCell.swift */ = {isa = PBXFileReference; lastKnownFileType = sourcecode.swift; path = DungeonCell.swift; sourceTree = "<group>"; };
		7888153421ED8B02004981D2 /* skill_table.swift */ = {isa = PBXFileReference; lastKnownFileType = sourcecode.swift; path = skill_table.swift; sourceTree = "<group>"; };
		7888153621ED8CAB004981D2 /* skill_table_utils.swift */ = {isa = PBXFileReference; lastKnownFileType = sourcecode.swift; path = skill_table_utils.swift; sourceTree = "<group>"; };
		7888153821ED8D8F004981D2 /* skill_cell.swift */ = {isa = PBXFileReference; lastKnownFileType = sourcecode.swift; path = skill_cell.swift; sourceTree = "<group>"; };
		789EA54A22022F60004F9A68 /* EncounterView.swift */ = {isa = PBXFileReference; lastKnownFileType = sourcecode.swift; path = EncounterView.swift; sourceTree = "<group>"; };
		789EA54C22023199004F9A68 /* EncounterUtils.swift */ = {isa = PBXFileReference; lastKnownFileType = sourcecode.swift; path = EncounterUtils.swift; sourceTree = "<group>"; };
		789EA54F22023238004F9A68 /* Utils.swift */ = {isa = PBXFileReference; lastKnownFileType = sourcecode.swift; path = Utils.swift; sourceTree = "<group>"; };
		789EA55322038C75004F9A68 /* Guerrilla.swift */ = {isa = PBXFileReference; lastKnownFileType = sourcecode.swift; path = Guerrilla.swift; sourceTree = "<group>"; };
		789EA5592203AE77004F9A68 /* download_monster_data.swift */ = {isa = PBXFileReference; lastKnownFileType = sourcecode.swift; path = download_monster_data.swift; sourceTree = "<group>"; };
		789EA55B2203AEE2004F9A68 /* download_skill_data.swift */ = {isa = PBXFileReference; lastKnownFileType = sourcecode.swift; path = download_skill_data.swift; sourceTree = "<group>"; };
		789EA55D2203AF27004F9A68 /* download_dungeon_data.swift */ = {isa = PBXFileReference; lastKnownFileType = sourcecode.swift; path = download_dungeon_data.swift; sourceTree = "<group>"; };
		789EA5612203B01C004F9A68 /* download_guerrilla_data.swift */ = {isa = PBXFileReference; lastKnownFileType = sourcecode.swift; path = download_guerrilla_data.swift; sourceTree = "<group>"; };
		789EA5632204A404004F9A68 /* GlobalVars.swift */ = {isa = PBXFileReference; lastKnownFileType = sourcecode.swift; path = GlobalVars.swift; sourceTree = "<group>"; };
		78A348222291D9B400C6151F /* Monster.swift */ = {isa = PBXFileReference; lastKnownFileType = sourcecode.swift; path = Monster.swift; sourceTree = "<group>"; };
		78A348242292178400C6151F /* Skill.swift */ = {isa = PBXFileReference; lastKnownFileType = sourcecode.swift; path = Skill.swift; sourceTree = "<group>"; };
		78A64675220A2B1C0043429F /* Settings.swift */ = {isa = PBXFileReference; lastKnownFileType = sourcecode.swift; path = Settings.swift; sourceTree = "<group>"; };
		78AC396721F13CF10094CCA7 /* guerrilla_utils.swift */ = {isa = PBXFileReference; lastKnownFileType = sourcecode.swift; path = guerrilla_utils.swift; sourceTree = "<group>"; };
		78B00303211CA296001F246E /* pad-db.app */ = {isa = PBXFileReference; explicitFileType = wrapper.application; includeInIndex = 0; path = "pad-db.app"; sourceTree = BUILT_PRODUCTS_DIR; };
		78B00306211CA297001F246E /* AppDelegate.swift */ = {isa = PBXFileReference; lastKnownFileType = sourcecode.swift; path = AppDelegate.swift; sourceTree = "<group>"; };
		78B00310211CA297001F246E /* Assets.xcassets */ = {isa = PBXFileReference; lastKnownFileType = folder.assetcatalog; path = Assets.xcassets; sourceTree = "<group>"; };
		78B00315211CA297001F246E /* Info.plist */ = {isa = PBXFileReference; lastKnownFileType = text.plist.xml; path = Info.plist; sourceTree = "<group>"; };
		78B0031B211CA2FC001F246E /* monster_table.swift */ = {isa = PBXFileReference; lastKnownFileType = sourcecode.swift; path = monster_table.swift; sourceTree = "<group>"; };
		78B54A6921FF9E030076EEA7 /* FloorTable.swift */ = {isa = PBXFileReference; lastKnownFileType = sourcecode.swift; path = FloorTable.swift; sourceTree = "<group>"; };
		78B54A6B22011AA10076EEA7 /* Constants.swift */ = {isa = PBXFileReference; lastKnownFileType = sourcecode.swift; path = Constants.swift; sourceTree = "<group>"; };
		78B54A6E2201263A0076EEA7 /* FloorCell.swift */ = {isa = PBXFileReference; lastKnownFileType = sourcecode.swift; path = FloorCell.swift; sourceTree = "<group>"; };
		78D12D4521E95E6900F4971A /* monster_table_utils.swift */ = {isa = PBXFileReference; lastKnownFileType = sourcecode.swift; path = monster_table_utils.swift; sourceTree = "<group>"; };
		78D1EAEE21EA97BC002D4197 /* monster_vc_utils.swift */ = {isa = PBXFileReference; lastKnownFileType = sourcecode.swift; path = monster_vc_utils.swift; sourceTree = "<group>"; };
		78D1EAF221EBF261002D4197 /* stat_utils.swift */ = {isa = PBXFileReference; lastKnownFileType = sourcecode.swift; path = stat_utils.swift; sourceTree = "<group>"; };
		78D1EAF421EBF2A7002D4197 /* header_utils.swift */ = {isa = PBXFileReference; lastKnownFileType = sourcecode.swift; path = header_utils.swift; sourceTree = "<group>"; };
		78D1EAF621EBF2CA002D4197 /* awoken_skill_utils.swift */ = {isa = PBXFileReference; lastKnownFileType = sourcecode.swift; path = awoken_skill_utils.swift; sourceTree = "<group>"; };
		78D1EAF821EBF2FA002D4197 /* skill_utils.swift */ = {isa = PBXFileReference; lastKnownFileType = sourcecode.swift; path = skill_utils.swift; sourceTree = "<group>"; };
		78D1EAFA21EBF31D002D4197 /* evo_utils.swift */ = {isa = PBXFileReference; lastKnownFileType = sourcecode.swift; path = evo_utils.swift; sourceTree = "<group>"; };
		78D1EAFC21EC0ACA002D4197 /* sale_item_utils.swift */ = {isa = PBXFileReference; lastKnownFileType = sourcecode.swift; path = sale_item_utils.swift; sourceTree = "<group>"; };
		78D6885521CB07BD001C0DEF /* guerrilla_table.swift */ = {isa = PBXFileReference; lastKnownFileType = sourcecode.swift; path = guerrilla_table.swift; sourceTree = "<group>"; };
		78D6885821CB4DAC001C0DEF /* guerrilla_cell.swift */ = {isa = PBXFileReference; lastKnownFileType = sourcecode.swift; path = guerrilla_cell.swift; sourceTree = "<group>"; };
		78D6885B21E5459F001C0DEF /* TabController.swift */ = {isa = PBXFileReference; lastKnownFileType = sourcecode.swift; path = TabController.swift; sourceTree = "<group>"; };
		78D6885D21E55613001C0DEF /* monster_cell.swift */ = {isa = PBXFileReference; lastKnownFileType = sourcecode.swift; path = monster_cell.swift; sourceTree = "<group>"; };
		78D6886321E6B357001C0DEF /* monster_view.swift */ = {isa = PBXFileReference; lastKnownFileType = sourcecode.swift; path = monster_view.swift; sourceTree = "<group>"; };
		78D6886521E6F431001C0DEF /* multiplier_utils.swift */ = {isa = PBXFileReference; lastKnownFileType = sourcecode.swift; path = multiplier_utils.swift; sourceTree = "<group>"; };
		78F0374A21EC5666002B7468 /* Storyboard.storyboard */ = {isa = PBXFileReference; lastKnownFileType = file.storyboard; path = Storyboard.storyboard; sourceTree = "<group>"; };
		78F0782221ED990300F0DE1B /* skill_cell_utils.swift */ = {isa = PBXFileReference; lastKnownFileType = sourcecode.swift; path = skill_cell_utils.swift; sourceTree = "<group>"; };
		E6C443A1101AA4662E9D9211 /* Pods-pad-db.release.xcconfig */ = {isa = PBXFileReference; includeInIndex = 1; lastKnownFileType = text.xcconfig; name = "Pods-pad-db.release.xcconfig"; path = "Pods/Target Support Files/Pods-pad-db/Pods-pad-db.release.xcconfig"; sourceTree = "<group>"; };
		E7DA29BB8DC4A4C0F3A8FFFC /* Pods_pad_db.framework */ = {isa = PBXFileReference; explicitFileType = wrapper.framework; includeInIndex = 0; path = Pods_pad_db.framework; sourceTree = BUILT_PRODUCTS_DIR; };
		F1AF30AA3F21760F9C1DD0C2 /* Pods-pad-db.debug.xcconfig */ = {isa = PBXFileReference; includeInIndex = 1; lastKnownFileType = text.xcconfig; name = "Pods-pad-db.debug.xcconfig"; path = "Pods/Target Support Files/Pods-pad-db/Pods-pad-db.debug.xcconfig"; sourceTree = "<group>"; };
/* End PBXFileReference section */

/* Begin PBXFrameworksBuildPhase section */
		78B00300211CA296001F246E /* Frameworks */ = {
			isa = PBXFrameworksBuildPhase;
			buildActionMask = 2147483647;
			files = (
				AAC40FF05CCDAD282B5256E7 /* Pods_pad_db.framework in Frameworks */,
			);
			runOnlyForDeploymentPostprocessing = 0;
		};
/* End PBXFrameworksBuildPhase section */

/* Begin PBXGroup section */
		54B33E391DF1F1B248923797 /* Frameworks */ = {
			isa = PBXGroup;
			children = (
				E7DA29BB8DC4A4C0F3A8FFFC /* Pods_pad_db.framework */,
			);
			name = Frameworks;
			sourceTree = "<group>";
		};
		71AA73BF487D38F523BD496B /* Pods */ = {
			isa = PBXGroup;
			children = (
				F1AF30AA3F21760F9C1DD0C2 /* Pods-pad-db.debug.xcconfig */,
				E6C443A1101AA4662E9D9211 /* Pods-pad-db.release.xcconfig */,
			);
			name = Pods;
			sourceTree = "<group>";
		};
		7805127C2204E2FB00B2B3D6 /* Skill Utils */ = {
			isa = PBXGroup;
			children = (
				7888153621ED8CAB004981D2 /* skill_table_utils.swift */,
				78F0782221ED990300F0DE1B /* skill_cell_utils.swift */,
			);
			path = "Skill Utils";
			sourceTree = "<group>";
		};
		7828D0722208E3AA0004E6CD /* Container Utils */ = {
			isa = PBXGroup;
			children = (
				78D1EAF221EBF261002D4197 /* stat_utils.swift */,
				78D1EAF421EBF2A7002D4197 /* header_utils.swift */,
				78D1EAF621EBF2CA002D4197 /* awoken_skill_utils.swift */,
				78D1EAF821EBF2FA002D4197 /* skill_utils.swift */,
				78D1EAFA21EBF31D002D4197 /* evo_utils.swift */,
				78D1EAFC21EC0ACA002D4197 /* sale_item_utils.swift */,
				7828D0732208E3CD0004E6CD /* related_dungeon_utils.swift */,
				7870DAED231DE97B0038746D /* collab_utils.swift */,
				78D6886521E6F431001C0DEF /* multiplier_utils.swift */,
			);
			path = "Container Utils";
			sourceTree = "<group>";
		};
		7846563F222087C000B5B593 /* Waves */ = {
			isa = PBXGroup;
			children = (
				78465642222087F100B5B593 /* WaveTable.swift */,
				784656442220886A00B5B593 /* WaveCell.swift */,
			);
			path = Waves;
			sourceTree = "<group>";
		};
		787DF38321FA75C1001FB99C /* Dungeons */ = {
			isa = PBXGroup;
			children = (
				787DF38421FA75DA001FB99C /* Dungeon */,
				78B54A6D2201219F0076EEA7 /* Floors */,
				7846563F222087C000B5B593 /* Waves */,
				789EA54922022F3C004F9A68 /* Encounters */,
			);
			path = Dungeons;
			sourceTree = "<group>";
		};
		787DF38421FA75DA001FB99C /* Dungeon */ = {
			isa = PBXGroup;
			children = (
				787DF38821FA7693001FB99C /* DungeonTableUtils.swift */,
				787DF38521FA7600001FB99C /* DungeonTable.swift */,
				787DF38D21FA8048001FB99C /* DungeonCell.swift */,
			);
			path = Dungeon;
			sourceTree = "<group>";
		};
		789EA54922022F3C004F9A68 /* Encounters */ = {
			isa = PBXGroup;
			children = (
				789EA54A22022F60004F9A68 /* EncounterView.swift */,
				789EA54C22023199004F9A68 /* EncounterUtils.swift */,
			);
			path = Encounters;
			sourceTree = "<group>";
		};
		789EA54E2202322A004F9A68 /* Utils */ = {
			isa = PBXGroup;
			children = (
				78A348212291D98700C6151F /* Structs */,
				78D6885B21E5459F001C0DEF /* TabController.swift */,
				78B54A6B22011AA10076EEA7 /* Constants.swift */,
				789EA5632204A404004F9A68 /* GlobalVars.swift */,
				78A64675220A2B1C0043429F /* Settings.swift */,
				789EA54F22023238004F9A68 /* Utils.swift */,
				7846564822209D1100B5B593 /* ViewUtils.swift */,
				7846564A2220E8D300B5B593 /* ConstraintWrapper.swift */,
			);
			path = Utils;
			sourceTree = "<group>";
		};
		789EA55522038CAD004F9A68 /* Monster View Utils */ = {
			isa = PBXGroup;
			children = (
				7828D0722208E3AA0004E6CD /* Container Utils */,
			);
			path = "Monster View Utils";
			sourceTree = "<group>";
		};
		789EA5562203AE0F004F9A68 /* Data Download Utils */ = {
			isa = PBXGroup;
			children = (
				789EA5612203B01C004F9A68 /* download_guerrilla_data.swift */,
				789EA5592203AE77004F9A68 /* download_monster_data.swift */,
				789EA55B2203AEE2004F9A68 /* download_skill_data.swift */,
				789EA55D2203AF27004F9A68 /* download_dungeon_data.swift */,
			);
			path = "Data Download Utils";
			sourceTree = "<group>";
		};
		78A348212291D98700C6151F /* Structs */ = {
			isa = PBXGroup;
			children = (
				789EA55322038C75004F9A68 /* Guerrilla.swift */,
				78A348222291D9B400C6151F /* Monster.swift */,
				78A348242292178400C6151F /* Skill.swift */,
				78123A3922C1A7A500BF768A /* Dungeon.swift */,
			);
			path = Structs;
			sourceTree = "<group>";
		};
		78B002FA211CA296001F246E = {
			isa = PBXGroup;
			children = (
				78B00305211CA296001F246E /* pad-db */,
				78B00304211CA296001F246E /* Products */,
				71AA73BF487D38F523BD496B /* Pods */,
				54B33E391DF1F1B248923797 /* Frameworks */,
			);
			sourceTree = "<group>";
		};
		78B00304211CA296001F246E /* Products */ = {
			isa = PBXGroup;
			children = (
				78B00303211CA296001F246E /* pad-db.app */,
			);
			name = Products;
			sourceTree = "<group>";
		};
		78B00305211CA296001F246E /* pad-db */ = {
			isa = PBXGroup;
			children = (
				78D6885721CB4D86001C0DEF /* Guerrilla Dungeons */,
				78D6885A21D6FF43001C0DEF /* Monsters */,
				78F0374C21ED89D9002B7468 /* Skills */,
				787DF38321FA75C1001FB99C /* Dungeons */,
				789EA5562203AE0F004F9A68 /* Data Download Utils */,
				789EA54E2202322A004F9A68 /* Utils */,
				78B00306211CA297001F246E /* AppDelegate.swift */,
				78B00310211CA297001F246E /* Assets.xcassets */,
				78B00315211CA297001F246E /* Info.plist */,
				78F0374A21EC5666002B7468 /* Storyboard.storyboard */,
			);
			path = "pad-db";
			sourceTree = "<group>";
		};
		78B54A6D2201219F0076EEA7 /* Floors */ = {
			isa = PBXGroup;
			children = (
				78B54A6921FF9E030076EEA7 /* FloorTable.swift */,
				78B54A6E2201263A0076EEA7 /* FloorCell.swift */,
			);
			path = Floors;
			sourceTree = "<group>";
		};
		78D12D4721E95E8F00F4971A /* Monster View */ = {
			isa = PBXGroup;
			children = (
				789EA55522038CAD004F9A68 /* Monster View Utils */,
				78D6886321E6B357001C0DEF /* monster_view.swift */,
				78D1EAEE21EA97BC002D4197 /* monster_vc_utils.swift */,
			);
			path = "Monster View";
			sourceTree = "<group>";
		};
		78D12D4821E95EAD00F4971A /* Monster Table */ = {
			isa = PBXGroup;
			children = (
				78D12D4521E95E6900F4971A /* monster_table_utils.swift */,
				78B0031B211CA2FC001F246E /* monster_table.swift */,
				78D6885D21E55613001C0DEF /* monster_cell.swift */,
			);
			path = "Monster Table";
			sourceTree = "<group>";
		};
		78D6885721CB4D86001C0DEF /* Guerrilla Dungeons */ = {
			isa = PBXGroup;
			children = (
				78D6885521CB07BD001C0DEF /* guerrilla_table.swift */,
				78D6885821CB4DAC001C0DEF /* guerrilla_cell.swift */,
				78AC396721F13CF10094CCA7 /* guerrilla_utils.swift */,
			);
			path = "Guerrilla Dungeons";
			sourceTree = "<group>";
		};
		78D6885A21D6FF43001C0DEF /* Monsters */ = {
			isa = PBXGroup;
			children = (
				78D12D4821E95EAD00F4971A /* Monster Table */,
				78D12D4721E95E8F00F4971A /* Monster View */,
			);
			path = Monsters;
			sourceTree = "<group>";
		};
		78F0374C21ED89D9002B7468 /* Skills */ = {
			isa = PBXGroup;
			children = (
				7888153821ED8D8F004981D2 /* skill_cell.swift */,
				7888153421ED8B02004981D2 /* skill_table.swift */,
				7805127C2204E2FB00B2B3D6 /* Skill Utils */,
			);
			path = Skills;
			sourceTree = "<group>";
		};
/* End PBXGroup section */

/* Begin PBXNativeTarget section */
		78B00302211CA296001F246E /* pad-db */ = {
			isa = PBXNativeTarget;
			buildConfigurationList = 78B00318211CA297001F246E /* Build configuration list for PBXNativeTarget "pad-db" */;
			buildPhases = (
				F1C9110E2A165F5E19975CA8 /* [CP] Check Pods Manifest.lock */,
				78B002FF211CA296001F246E /* Sources */,
				78B00300211CA296001F246E /* Frameworks */,
				78B00301211CA296001F246E /* Resources */,
				24A5A30A462DAC3D91BBD02B /* [CP] Embed Pods Frameworks */,
			);
			buildRules = (
			);
			dependencies = (
			);
			name = "pad-db";
			productName = "pad-db";
			productReference = 78B00303211CA296001F246E /* pad-db.app */;
			productType = "com.apple.product-type.application";
		};
/* End PBXNativeTarget section */

/* Begin PBXProject section */
		78B002FB211CA296001F246E /* Project object */ = {
			isa = PBXProject;
			attributes = {
				LastSwiftUpdateCheck = 0940;
				LastUpgradeCheck = 0940;
				ORGANIZATIONNAME = "Rohil Thopu";
				TargetAttributes = {
					78B00302211CA296001F246E = {
						CreatedOnToolsVersion = 9.4.1;
						LastSwiftMigration = 1020;
						SystemCapabilities = {
							com.apple.BackgroundModes = {
								enabled = 0;
							};
						};
					};
				};
			};
			buildConfigurationList = 78B002FE211CA296001F246E /* Build configuration list for PBXProject "pad-db" */;
			compatibilityVersion = "Xcode 9.3";
			developmentRegion = en;
			hasScannedForEncodings = 0;
			knownRegions = (
				en,
				Base,
			);
			mainGroup = 78B002FA211CA296001F246E;
			productRefGroup = 78B00304211CA296001F246E /* Products */;
			projectDirPath = "";
			projectRoot = "";
			targets = (
				78B00302211CA296001F246E /* pad-db */,
			);
		};
/* End PBXProject section */

/* Begin PBXResourcesBuildPhase section */
		78B00301211CA296001F246E /* Resources */ = {
			isa = PBXResourcesBuildPhase;
			buildActionMask = 2147483647;
			files = (
				78B00311211CA297001F246E /* Assets.xcassets in Resources */,
				78F0374B21EC5666002B7468 /* Storyboard.storyboard in Resources */,
			);
			runOnlyForDeploymentPostprocessing = 0;
		};
/* End PBXResourcesBuildPhase section */

/* Begin PBXShellScriptBuildPhase section */
		24A5A30A462DAC3D91BBD02B /* [CP] Embed Pods Frameworks */ = {
			isa = PBXShellScriptBuildPhase;
			buildActionMask = 2147483647;
			files = (
			);
			inputPaths = (
				"${SRCROOT}/Pods/Target Support Files/Pods-pad-db/Pods-pad-db-frameworks.sh",
				"${BUILT_PRODUCTS_DIR}/Just/Just.framework",
				"${BUILT_PRODUCTS_DIR}/Kingfisher/Kingfisher.framework",
				"${BUILT_PRODUCTS_DIR}/QuickTableViewController/QuickTableViewController.framework",
				"${BUILT_PRODUCTS_DIR}/SwiftyJSON/SwiftyJSON.framework",
			);
			name = "[CP] Embed Pods Frameworks";
			outputPaths = (
				"${TARGET_BUILD_DIR}/${FRAMEWORKS_FOLDER_PATH}/Just.framework",
				"${TARGET_BUILD_DIR}/${FRAMEWORKS_FOLDER_PATH}/Kingfisher.framework",
				"${TARGET_BUILD_DIR}/${FRAMEWORKS_FOLDER_PATH}/QuickTableViewController.framework",
				"${TARGET_BUILD_DIR}/${FRAMEWORKS_FOLDER_PATH}/SwiftyJSON.framework",
			);
			runOnlyForDeploymentPostprocessing = 0;
			shellPath = /bin/sh;
			shellScript = "\"${SRCROOT}/Pods/Target Support Files/Pods-pad-db/Pods-pad-db-frameworks.sh\"\n";
			showEnvVarsInLog = 0;
		};
		F1C9110E2A165F5E19975CA8 /* [CP] Check Pods Manifest.lock */ = {
			isa = PBXShellScriptBuildPhase;
			buildActionMask = 2147483647;
			files = (
			);
			inputPaths = (
				"${PODS_PODFILE_DIR_PATH}/Podfile.lock",
				"${PODS_ROOT}/Manifest.lock",
			);
			name = "[CP] Check Pods Manifest.lock";
			outputPaths = (
				"$(DERIVED_FILE_DIR)/Pods-pad-db-checkManifestLockResult.txt",
			);
			runOnlyForDeploymentPostprocessing = 0;
			shellPath = /bin/sh;
			shellScript = "diff \"${PODS_PODFILE_DIR_PATH}/Podfile.lock\" \"${PODS_ROOT}/Manifest.lock\" > /dev/null\nif [ $? != 0 ] ; then\n    # print error to STDERR\n    echo \"error: The sandbox is not in sync with the Podfile.lock. Run 'pod install' or update your CocoaPods installation.\" >&2\n    exit 1\nfi\n# This output is used by Xcode 'outputs' to avoid re-running this script phase.\necho \"SUCCESS\" > \"${SCRIPT_OUTPUT_FILE_0}\"\n";
			showEnvVarsInLog = 0;
		};
/* End PBXShellScriptBuildPhase section */

/* Begin PBXSourcesBuildPhase section */
		78B002FF211CA296001F246E /* Sources */ = {
			isa = PBXSourcesBuildPhase;
			buildActionMask = 2147483647;
			files = (
				78B54A6C22011AA10076EEA7 /* Constants.swift in Sources */,
				789EA55C2203AEE2004F9A68 /* download_skill_data.swift in Sources */,
				78D6885C21E5459F001C0DEF /* TabController.swift in Sources */,
				789EA55022023238004F9A68 /* Utils.swift in Sources */,
				789EA54B22022F60004F9A68 /* EncounterView.swift in Sources */,
				78A64676220A2B1C0043429F /* Settings.swift in Sources */,
				78B0031C211CA2FC001F246E /* monster_table.swift in Sources */,
				784656452220886A00B5B593 /* WaveCell.swift in Sources */,
				78A348232291D9B400C6151F /* Monster.swift in Sources */,
				789EA55E2203AF27004F9A68 /* download_dungeon_data.swift in Sources */,
				789EA55422038C75004F9A68 /* Guerrilla.swift in Sources */,
				789EA5642204A404004F9A68 /* GlobalVars.swift in Sources */,
				7846564B2220E8D300B5B593 /* ConstraintWrapper.swift in Sources */,
				787DF38921FA7693001FB99C /* DungeonTableUtils.swift in Sources */,
				789EA5622203B01C004F9A68 /* download_guerrilla_data.swift in Sources */,
				78B54A6F2201263A0076EEA7 /* FloorCell.swift in Sources */,
				78D6886621E6F431001C0DEF /* multiplier_utils.swift in Sources */,
				787DF38E21FA8048001FB99C /* DungeonCell.swift in Sources */,
				78D6886421E6B357001C0DEF /* monster_view.swift in Sources */,
				78D1EAF721EBF2CA002D4197 /* awoken_skill_utils.swift in Sources */,
				7870DAEE231DE97B0038746D /* collab_utils.swift in Sources */,
				78B00307211CA297001F246E /* AppDelegate.swift in Sources */,
				789EA54D22023199004F9A68 /* EncounterUtils.swift in Sources */,
				787DF38621FA7601001FB99C /* DungeonTable.swift in Sources */,
				78D1EAF921EBF2FA002D4197 /* skill_utils.swift in Sources */,
				78465643222087F100B5B593 /* WaveTable.swift in Sources */,
				78D6885921CB4DAC001C0DEF /* guerrilla_cell.swift in Sources */,
				789EA55A2203AE77004F9A68 /* download_monster_data.swift in Sources */,
				78F0782321ED990300F0DE1B /* skill_cell_utils.swift in Sources */,
				7828D0742208E3CD0004E6CD /* related_dungeon_utils.swift in Sources */,
				78D1EAF521EBF2A7002D4197 /* header_utils.swift in Sources */,
				78D1EAEF21EA97BC002D4197 /* monster_vc_utils.swift in Sources */,
				78A348252292178400C6151F /* Skill.swift in Sources */,
				78AC396821F13CF10094CCA7 /* guerrilla_utils.swift in Sources */,
				78B54A6A21FF9E030076EEA7 /* FloorTable.swift in Sources */,
				78D1EAF321EBF261002D4197 /* stat_utils.swift in Sources */,
				7888153921ED8D8F004981D2 /* skill_cell.swift in Sources */,
				78123A3A22C1A7A500BF768A /* Dungeon.swift in Sources */,
				78D12D4621E95E6900F4971A /* monster_table_utils.swift in Sources */,
				7888153721ED8CAB004981D2 /* skill_table_utils.swift in Sources */,
				78D6885621CB07BD001C0DEF /* guerrilla_table.swift in Sources */,
				78D1EAFD21EC0ACA002D4197 /* sale_item_utils.swift in Sources */,
				7888153521ED8B02004981D2 /* skill_table.swift in Sources */,
				78D1EAFB21EBF31D002D4197 /* evo_utils.swift in Sources */,
				78D6885E21E55613001C0DEF /* monster_cell.swift in Sources */,
				7846564922209D1100B5B593 /* ViewUtils.swift in Sources */,
			);
			runOnlyForDeploymentPostprocessing = 0;
		};
/* End PBXSourcesBuildPhase section */

/* Begin XCBuildConfiguration section */
		78B00316211CA297001F246E /* Debug */ = {
			isa = XCBuildConfiguration;
			buildSettings = {
				ALWAYS_SEARCH_USER_PATHS = NO;
				CLANG_ANALYZER_NONNULL = YES;
				CLANG_ANALYZER_NUMBER_OBJECT_CONVERSION = YES_AGGRESSIVE;
				CLANG_CXX_LANGUAGE_STANDARD = "gnu++14";
				CLANG_CXX_LIBRARY = "libc++";
				CLANG_ENABLE_MODULES = YES;
				CLANG_ENABLE_OBJC_ARC = YES;
				CLANG_ENABLE_OBJC_WEAK = YES;
				CLANG_WARN_BLOCK_CAPTURE_AUTORELEASING = YES;
				CLANG_WARN_BOOL_CONVERSION = YES;
				CLANG_WARN_COMMA = YES;
				CLANG_WARN_CONSTANT_CONVERSION = YES;
				CLANG_WARN_DEPRECATED_OBJC_IMPLEMENTATIONS = YES;
				CLANG_WARN_DIRECT_OBJC_ISA_USAGE = YES_ERROR;
				CLANG_WARN_DOCUMENTATION_COMMENTS = YES;
				CLANG_WARN_EMPTY_BODY = YES;
				CLANG_WARN_ENUM_CONVERSION = YES;
				CLANG_WARN_INFINITE_RECURSION = YES;
				CLANG_WARN_INT_CONVERSION = YES;
				CLANG_WARN_NON_LITERAL_NULL_CONVERSION = YES;
				CLANG_WARN_OBJC_IMPLICIT_RETAIN_SELF = YES;
				CLANG_WARN_OBJC_LITERAL_CONVERSION = YES;
				CLANG_WARN_OBJC_ROOT_CLASS = YES_ERROR;
				CLANG_WARN_RANGE_LOOP_ANALYSIS = YES;
				CLANG_WARN_STRICT_PROTOTYPES = YES;
				CLANG_WARN_SUSPICIOUS_MOVE = YES;
				CLANG_WARN_UNGUARDED_AVAILABILITY = YES_AGGRESSIVE;
				CLANG_WARN_UNREACHABLE_CODE = YES;
				CLANG_WARN__DUPLICATE_METHOD_MATCH = YES;
				CODE_SIGN_IDENTITY = "iPhone Developer";
				COPY_PHASE_STRIP = NO;
				DEBUG_INFORMATION_FORMAT = dwarf;
				ENABLE_STRICT_OBJC_MSGSEND = YES;
				ENABLE_TESTABILITY = YES;
				GCC_C_LANGUAGE_STANDARD = gnu11;
				GCC_DYNAMIC_NO_PIC = NO;
				GCC_NO_COMMON_BLOCKS = YES;
				GCC_OPTIMIZATION_LEVEL = 0;
				GCC_PREPROCESSOR_DEFINITIONS = (
					"DEBUG=1",
					"$(inherited)",
				);
				GCC_WARN_64_TO_32_BIT_CONVERSION = YES;
				GCC_WARN_ABOUT_RETURN_TYPE = YES_ERROR;
				GCC_WARN_UNDECLARED_SELECTOR = YES;
				GCC_WARN_UNINITIALIZED_AUTOS = YES_AGGRESSIVE;
				GCC_WARN_UNUSED_FUNCTION = YES;
				GCC_WARN_UNUSED_VARIABLE = YES;
				IPHONEOS_DEPLOYMENT_TARGET = 11.4;
				MTL_ENABLE_DEBUG_INFO = YES;
				ONLY_ACTIVE_ARCH = YES;
				SDKROOT = iphoneos;
				SWIFT_ACTIVE_COMPILATION_CONDITIONS = DEBUG;
				SWIFT_OPTIMIZATION_LEVEL = "-Onone";
			};
			name = Debug;
		};
		78B00317211CA297001F246E /* Release */ = {
			isa = XCBuildConfiguration;
			buildSettings = {
				ALWAYS_SEARCH_USER_PATHS = NO;
				CLANG_ANALYZER_NONNULL = YES;
				CLANG_ANALYZER_NUMBER_OBJECT_CONVERSION = YES_AGGRESSIVE;
				CLANG_CXX_LANGUAGE_STANDARD = "gnu++14";
				CLANG_CXX_LIBRARY = "libc++";
				CLANG_ENABLE_MODULES = YES;
				CLANG_ENABLE_OBJC_ARC = YES;
				CLANG_ENABLE_OBJC_WEAK = YES;
				CLANG_WARN_BLOCK_CAPTURE_AUTORELEASING = YES;
				CLANG_WARN_BOOL_CONVERSION = YES;
				CLANG_WARN_COMMA = YES;
				CLANG_WARN_CONSTANT_CONVERSION = YES;
				CLANG_WARN_DEPRECATED_OBJC_IMPLEMENTATIONS = YES;
				CLANG_WARN_DIRECT_OBJC_ISA_USAGE = YES_ERROR;
				CLANG_WARN_DOCUMENTATION_COMMENTS = YES;
				CLANG_WARN_EMPTY_BODY = YES;
				CLANG_WARN_ENUM_CONVERSION = YES;
				CLANG_WARN_INFINITE_RECURSION = YES;
				CLANG_WARN_INT_CONVERSION = YES;
				CLANG_WARN_NON_LITERAL_NULL_CONVERSION = YES;
				CLANG_WARN_OBJC_IMPLICIT_RETAIN_SELF = YES;
				CLANG_WARN_OBJC_LITERAL_CONVERSION = YES;
				CLANG_WARN_OBJC_ROOT_CLASS = YES_ERROR;
				CLANG_WARN_RANGE_LOOP_ANALYSIS = YES;
				CLANG_WARN_STRICT_PROTOTYPES = YES;
				CLANG_WARN_SUSPICIOUS_MOVE = YES;
				CLANG_WARN_UNGUARDED_AVAILABILITY = YES_AGGRESSIVE;
				CLANG_WARN_UNREACHABLE_CODE = YES;
				CLANG_WARN__DUPLICATE_METHOD_MATCH = YES;
				CODE_SIGN_IDENTITY = "iPhone Developer";
				COPY_PHASE_STRIP = NO;
				DEBUG_INFORMATION_FORMAT = "dwarf-with-dsym";
				ENABLE_NS_ASSERTIONS = NO;
				ENABLE_STRICT_OBJC_MSGSEND = YES;
				GCC_C_LANGUAGE_STANDARD = gnu11;
				GCC_NO_COMMON_BLOCKS = YES;
				GCC_WARN_64_TO_32_BIT_CONVERSION = YES;
				GCC_WARN_ABOUT_RETURN_TYPE = YES_ERROR;
				GCC_WARN_UNDECLARED_SELECTOR = YES;
				GCC_WARN_UNINITIALIZED_AUTOS = YES_AGGRESSIVE;
				GCC_WARN_UNUSED_FUNCTION = YES;
				GCC_WARN_UNUSED_VARIABLE = YES;
				IPHONEOS_DEPLOYMENT_TARGET = 11.4;
				MTL_ENABLE_DEBUG_INFO = NO;
				SDKROOT = iphoneos;
				SWIFT_COMPILATION_MODE = wholemodule;
				SWIFT_OPTIMIZATION_LEVEL = "-O";
				VALIDATE_PRODUCT = YES;
			};
			name = Release;
		};
		78B00319211CA297001F246E /* Debug */ = {
			isa = XCBuildConfiguration;
			baseConfigurationReference = F1AF30AA3F21760F9C1DD0C2 /* Pods-pad-db.debug.xcconfig */;
			buildSettings = {
				ASSETCATALOG_COMPILER_APPICON_NAME = AppIcon;
				CODE_SIGN_STYLE = Automatic;
				DEVELOPMENT_TEAM = 5TED4Y95QE;
				INFOPLIST_FILE = "pad-db/Info.plist";
				IPHONEOS_DEPLOYMENT_TARGET = 11.0;
				LD_RUNPATH_SEARCH_PATHS = (
					"$(inherited)",
					"@executable_path/Frameworks",
				);
				PRODUCT_BUNDLE_IDENTIFIER = "Rohil-Thopu.pad-db";
				PRODUCT_NAME = "$(TARGET_NAME)";
				SWIFT_VERSION = 5.0;
				TARGETED_DEVICE_FAMILY = 1;
			};
			name = Debug;
		};
		78B0031A211CA297001F246E /* Release */ = {
			isa = XCBuildConfiguration;
			baseConfigurationReference = E6C443A1101AA4662E9D9211 /* Pods-pad-db.release.xcconfig */;
			buildSettings = {
				ASSETCATALOG_COMPILER_APPICON_NAME = AppIcon;
				CODE_SIGN_STYLE = Automatic;
				DEVELOPMENT_TEAM = 5TED4Y95QE;
				INFOPLIST_FILE = "pad-db/Info.plist";
				IPHONEOS_DEPLOYMENT_TARGET = 11.0;
				LD_RUNPATH_SEARCH_PATHS = (
					"$(inherited)",
					"@executable_path/Frameworks",
				);
				PRODUCT_BUNDLE_IDENTIFIER = "Rohil-Thopu.pad-db";
				PRODUCT_NAME = "$(TARGET_NAME)";
				SWIFT_VERSION = 5.0;
				TARGETED_DEVICE_FAMILY = 1;
			};
			name = Release;
		};
/* End XCBuildConfiguration section */

/* Begin XCConfigurationList section */
		78B002FE211CA296001F246E /* Build configuration list for PBXProject "pad-db" */ = {
			isa = XCConfigurationList;
			buildConfigurations = (
				78B00316211CA297001F246E /* Debug */,
				78B00317211CA297001F246E /* Release */,
			);
			defaultConfigurationIsVisible = 0;
			defaultConfigurationName = Release;
		};
		78B00318211CA297001F246E /* Build configuration list for PBXNativeTarget "pad-db" */ = {
			isa = XCConfigurationList;
			buildConfigurations = (
				78B00319211CA297001F246E /* Debug */,
				78B0031A211CA297001F246E /* Release */,
			);
			defaultConfigurationIsVisible = 0;
			defaultConfigurationName = Release;
		};
/* End XCConfigurationList section */
	};
	rootObject = 78B002FB211CA296001F246E /* Project object */;
}
