// !$*UTF8*$!
{
	archiveVersion = 1;
	classes = {
	};
	objectVersion = 50;
	objects = {

/* Begin PBXBuildFile section */
		7888153521ED8B02004981D2 /* SkillTableVC.swift in Sources */ = {isa = PBXBuildFile; fileRef = 7888153421ED8B02004981D2 /* SkillTableVC.swift */; };
		7888153721ED8CAB004981D2 /* SkillTableUtils.swift in Sources */ = {isa = PBXBuildFile; fileRef = 7888153621ED8CAB004981D2 /* SkillTableUtils.swift */; };
		7888153921ED8D8F004981D2 /* SkillCell.swift in Sources */ = {isa = PBXBuildFile; fileRef = 7888153821ED8D8F004981D2 /* SkillCell.swift */; };
		78B00307211CA297001F246E /* AppDelegate.swift in Sources */ = {isa = PBXBuildFile; fileRef = 78B00306211CA297001F246E /* AppDelegate.swift */; };
		78B0030F211CA297001F246E /* pad_db.xcdatamodeld in Sources */ = {isa = PBXBuildFile; fileRef = 78B0030D211CA297001F246E /* pad_db.xcdatamodeld */; };
		78B00311211CA297001F246E /* Assets.xcassets in Resources */ = {isa = PBXBuildFile; fileRef = 78B00310211CA297001F246E /* Assets.xcassets */; };
		78B0031C211CA2FC001F246E /* MonsterTableController.swift in Sources */ = {isa = PBXBuildFile; fileRef = 78B0031B211CA2FC001F246E /* MonsterTableController.swift */; };
		78D12D4021E94D7700F4971A /* MonsterTableSkillUtils.swift in Sources */ = {isa = PBXBuildFile; fileRef = 78D12D3F21E94D7700F4971A /* MonsterTableSkillUtils.swift */; };
		78D12D4221E95C4400F4971A /* MonsterTableVars.swift in Sources */ = {isa = PBXBuildFile; fileRef = 78D12D4121E95C4400F4971A /* MonsterTableVars.swift */; };
		78D12D4421E95CD600F4971A /* MonsterTableMonsterUtils.swift in Sources */ = {isa = PBXBuildFile; fileRef = 78D12D4321E95CD600F4971A /* MonsterTableMonsterUtils.swift */; };
		78D12D4621E95E6900F4971A /* MonsterTableUtils.swift in Sources */ = {isa = PBXBuildFile; fileRef = 78D12D4521E95E6900F4971A /* MonsterTableUtils.swift */; };
		78D1EAEF21EA97BC002D4197 /* MonsterVCUtils.swift in Sources */ = {isa = PBXBuildFile; fileRef = 78D1EAEE21EA97BC002D4197 /* MonsterVCUtils.swift */; };
		78D1EAF321EBF261002D4197 /* SetupStatUtils.swift in Sources */ = {isa = PBXBuildFile; fileRef = 78D1EAF221EBF261002D4197 /* SetupStatUtils.swift */; };
		78D1EAF521EBF2A7002D4197 /* SetupHeaderUtils.swift in Sources */ = {isa = PBXBuildFile; fileRef = 78D1EAF421EBF2A7002D4197 /* SetupHeaderUtils.swift */; };
		78D1EAF721EBF2CA002D4197 /* SetupAwakeningUtils.swift in Sources */ = {isa = PBXBuildFile; fileRef = 78D1EAF621EBF2CA002D4197 /* SetupAwakeningUtils.swift */; };
		78D1EAF921EBF2FA002D4197 /* SetupSkillUtils.swift in Sources */ = {isa = PBXBuildFile; fileRef = 78D1EAF821EBF2FA002D4197 /* SetupSkillUtils.swift */; };
		78D1EAFB21EBF31D002D4197 /* SetupEvoUtils.swift in Sources */ = {isa = PBXBuildFile; fileRef = 78D1EAFA21EBF31D002D4197 /* SetupEvoUtils.swift */; };
		78D1EAFD21EC0ACA002D4197 /* SetupSaleItemUtil.swift in Sources */ = {isa = PBXBuildFile; fileRef = 78D1EAFC21EC0ACA002D4197 /* SetupSaleItemUtil.swift */; };
		78D1EB0021EC291A002D4197 /* LeaderboardTableVC.swift in Sources */ = {isa = PBXBuildFile; fileRef = 78D1EAFF21EC291A002D4197 /* LeaderboardTableVC.swift */; };
		78D1EB0221EC295E002D4197 /* LeaderboardUtils.swift in Sources */ = {isa = PBXBuildFile; fileRef = 78D1EB0121EC295E002D4197 /* LeaderboardUtils.swift */; };
		78D1EB0421EC2A6A002D4197 /* LeaderboardVars.swift in Sources */ = {isa = PBXBuildFile; fileRef = 78D1EB0321EC2A6A002D4197 /* LeaderboardVars.swift */; };
		78D1EB0621EC2CFD002D4197 /* LeaderboardCell.swift in Sources */ = {isa = PBXBuildFile; fileRef = 78D1EB0521EC2CFD002D4197 /* LeaderboardCell.swift */; };
		78D6885621CB07BD001C0DEF /* GuerrillaTableViewController.swift in Sources */ = {isa = PBXBuildFile; fileRef = 78D6885521CB07BD001C0DEF /* GuerrillaTableViewController.swift */; };
		78D6885921CB4DAC001C0DEF /* GuerrillaCell.swift in Sources */ = {isa = PBXBuildFile; fileRef = 78D6885821CB4DAC001C0DEF /* GuerrillaCell.swift */; };
		78D6885C21E5459F001C0DEF /* TabController.swift in Sources */ = {isa = PBXBuildFile; fileRef = 78D6885B21E5459F001C0DEF /* TabController.swift */; };
		78D6885E21E55613001C0DEF /* MonsterCell.swift in Sources */ = {isa = PBXBuildFile; fileRef = 78D6885D21E55613001C0DEF /* MonsterCell.swift */; };
		78D6886421E6B357001C0DEF /* MonsterVC.swift in Sources */ = {isa = PBXBuildFile; fileRef = 78D6886321E6B357001C0DEF /* MonsterVC.swift */; };
		78D6886621E6F431001C0DEF /* MultiplierUtils.swift in Sources */ = {isa = PBXBuildFile; fileRef = 78D6886521E6F431001C0DEF /* MultiplierUtils.swift */; };
		78F0374B21EC5666002B7468 /* Storyboard.storyboard in Resources */ = {isa = PBXBuildFile; fileRef = 78F0374A21EC5666002B7468 /* Storyboard.storyboard */; };
		78F0782121ED97C300F0DE1B /* GeneralUtils.swift in Sources */ = {isa = PBXBuildFile; fileRef = 78F0782021ED97C300F0DE1B /* GeneralUtils.swift */; };
		78F0782321ED990300F0DE1B /* SkillCellUtils.swift in Sources */ = {isa = PBXBuildFile; fileRef = 78F0782221ED990300F0DE1B /* SkillCellUtils.swift */; };
		AAC40FF05CCDAD282B5256E7 /* Pods_pad_db.framework in Frameworks */ = {isa = PBXBuildFile; fileRef = E7DA29BB8DC4A4C0F3A8FFFC /* Pods_pad_db.framework */; };
/* End PBXBuildFile section */

/* Begin PBXFileReference section */
		7888153421ED8B02004981D2 /* SkillTableVC.swift */ = {isa = PBXFileReference; lastKnownFileType = sourcecode.swift; path = SkillTableVC.swift; sourceTree = "<group>"; };
		7888153621ED8CAB004981D2 /* SkillTableUtils.swift */ = {isa = PBXFileReference; lastKnownFileType = sourcecode.swift; path = SkillTableUtils.swift; sourceTree = "<group>"; };
		7888153821ED8D8F004981D2 /* SkillCell.swift */ = {isa = PBXFileReference; lastKnownFileType = sourcecode.swift; path = SkillCell.swift; sourceTree = "<group>"; };
		78B00303211CA296001F246E /* pad-db.app */ = {isa = PBXFileReference; explicitFileType = wrapper.application; includeInIndex = 0; path = "pad-db.app"; sourceTree = BUILT_PRODUCTS_DIR; };
		78B00306211CA297001F246E /* AppDelegate.swift */ = {isa = PBXFileReference; lastKnownFileType = sourcecode.swift; path = AppDelegate.swift; sourceTree = "<group>"; };
		78B0030E211CA297001F246E /* pad_db.xcdatamodel */ = {isa = PBXFileReference; lastKnownFileType = wrapper.xcdatamodel; path = pad_db.xcdatamodel; sourceTree = "<group>"; };
		78B00310211CA297001F246E /* Assets.xcassets */ = {isa = PBXFileReference; lastKnownFileType = folder.assetcatalog; path = Assets.xcassets; sourceTree = "<group>"; };
		78B00315211CA297001F246E /* Info.plist */ = {isa = PBXFileReference; lastKnownFileType = text.plist.xml; path = Info.plist; sourceTree = "<group>"; };
		78B0031B211CA2FC001F246E /* MonsterTableController.swift */ = {isa = PBXFileReference; lastKnownFileType = sourcecode.swift; path = MonsterTableController.swift; sourceTree = "<group>"; };
		78D12D3F21E94D7700F4971A /* MonsterTableSkillUtils.swift */ = {isa = PBXFileReference; lastKnownFileType = sourcecode.swift; path = MonsterTableSkillUtils.swift; sourceTree = "<group>"; };
		78D12D4121E95C4400F4971A /* MonsterTableVars.swift */ = {isa = PBXFileReference; lastKnownFileType = sourcecode.swift; path = MonsterTableVars.swift; sourceTree = "<group>"; };
		78D12D4321E95CD600F4971A /* MonsterTableMonsterUtils.swift */ = {isa = PBXFileReference; lastKnownFileType = sourcecode.swift; path = MonsterTableMonsterUtils.swift; sourceTree = "<group>"; };
		78D12D4521E95E6900F4971A /* MonsterTableUtils.swift */ = {isa = PBXFileReference; lastKnownFileType = sourcecode.swift; path = MonsterTableUtils.swift; sourceTree = "<group>"; };
		78D1EAEE21EA97BC002D4197 /* MonsterVCUtils.swift */ = {isa = PBXFileReference; lastKnownFileType = sourcecode.swift; path = MonsterVCUtils.swift; sourceTree = "<group>"; };
		78D1EAF221EBF261002D4197 /* SetupStatUtils.swift */ = {isa = PBXFileReference; lastKnownFileType = sourcecode.swift; path = SetupStatUtils.swift; sourceTree = "<group>"; };
		78D1EAF421EBF2A7002D4197 /* SetupHeaderUtils.swift */ = {isa = PBXFileReference; lastKnownFileType = sourcecode.swift; path = SetupHeaderUtils.swift; sourceTree = "<group>"; };
		78D1EAF621EBF2CA002D4197 /* SetupAwakeningUtils.swift */ = {isa = PBXFileReference; lastKnownFileType = sourcecode.swift; path = SetupAwakeningUtils.swift; sourceTree = "<group>"; };
		78D1EAF821EBF2FA002D4197 /* SetupSkillUtils.swift */ = {isa = PBXFileReference; lastKnownFileType = sourcecode.swift; path = SetupSkillUtils.swift; sourceTree = "<group>"; };
		78D1EAFA21EBF31D002D4197 /* SetupEvoUtils.swift */ = {isa = PBXFileReference; lastKnownFileType = sourcecode.swift; path = SetupEvoUtils.swift; sourceTree = "<group>"; };
		78D1EAFC21EC0ACA002D4197 /* SetupSaleItemUtil.swift */ = {isa = PBXFileReference; lastKnownFileType = sourcecode.swift; path = SetupSaleItemUtil.swift; sourceTree = "<group>"; };
		78D1EAFF21EC291A002D4197 /* LeaderboardTableVC.swift */ = {isa = PBXFileReference; lastKnownFileType = sourcecode.swift; path = LeaderboardTableVC.swift; sourceTree = "<group>"; };
		78D1EB0121EC295E002D4197 /* LeaderboardUtils.swift */ = {isa = PBXFileReference; lastKnownFileType = sourcecode.swift; path = LeaderboardUtils.swift; sourceTree = "<group>"; };
		78D1EB0321EC2A6A002D4197 /* LeaderboardVars.swift */ = {isa = PBXFileReference; lastKnownFileType = sourcecode.swift; path = LeaderboardVars.swift; sourceTree = "<group>"; };
		78D1EB0521EC2CFD002D4197 /* LeaderboardCell.swift */ = {isa = PBXFileReference; lastKnownFileType = sourcecode.swift; path = LeaderboardCell.swift; sourceTree = "<group>"; };
		78D6885521CB07BD001C0DEF /* GuerrillaTableViewController.swift */ = {isa = PBXFileReference; lastKnownFileType = sourcecode.swift; path = GuerrillaTableViewController.swift; sourceTree = "<group>"; };
		78D6885821CB4DAC001C0DEF /* GuerrillaCell.swift */ = {isa = PBXFileReference; lastKnownFileType = sourcecode.swift; path = GuerrillaCell.swift; sourceTree = "<group>"; };
		78D6885B21E5459F001C0DEF /* TabController.swift */ = {isa = PBXFileReference; lastKnownFileType = sourcecode.swift; path = TabController.swift; sourceTree = "<group>"; };
		78D6885D21E55613001C0DEF /* MonsterCell.swift */ = {isa = PBXFileReference; lastKnownFileType = sourcecode.swift; path = MonsterCell.swift; sourceTree = "<group>"; };
		78D6886321E6B357001C0DEF /* MonsterVC.swift */ = {isa = PBXFileReference; lastKnownFileType = sourcecode.swift; path = MonsterVC.swift; sourceTree = "<group>"; };
		78D6886521E6F431001C0DEF /* MultiplierUtils.swift */ = {isa = PBXFileReference; lastKnownFileType = sourcecode.swift; path = MultiplierUtils.swift; sourceTree = "<group>"; };
		78F0374A21EC5666002B7468 /* Storyboard.storyboard */ = {isa = PBXFileReference; lastKnownFileType = file.storyboard; path = Storyboard.storyboard; sourceTree = "<group>"; };
		78F0782021ED97C300F0DE1B /* GeneralUtils.swift */ = {isa = PBXFileReference; lastKnownFileType = sourcecode.swift; path = GeneralUtils.swift; sourceTree = "<group>"; };
		78F0782221ED990300F0DE1B /* SkillCellUtils.swift */ = {isa = PBXFileReference; lastKnownFileType = sourcecode.swift; path = SkillCellUtils.swift; sourceTree = "<group>"; };
		E6C443A1101AA4662E9D9211 /* Pods-pad-db.release.xcconfig */ = {isa = PBXFileReference; includeInIndex = 1; lastKnownFileType = text.xcconfig; name = "Pods-pad-db.release.xcconfig"; path = "Pods/Target Support Files/Pods-pad-db/Pods-pad-db.release.xcconfig"; sourceTree = "<group>"; };
		E7DA29BB8DC4A4C0F3A8FFFC /* Pods_pad_db.framework */ = {isa = PBXFileReference; explicitFileType = wrapper.framework; includeInIndex = 0; path = Pods_pad_db.framework; sourceTree = BUILT_PRODUCTS_DIR; };
		F1AF30AA3F21760F9C1DD0C2 /* Pods-pad-db.debug.xcconfig */ = {isa = PBXFileReference; includeInIndex = 1; lastKnownFileType = text.xcconfig; name = "Pods-pad-db.debug.xcconfig"; path = "Pods/Target Support Files/Pods-pad-db/Pods-pad-db.debug.xcconfig"; sourceTree = "<group>"; };
/* End PBXFileReference section */

/* Begin PBXFrameworksBuildPhase section */
		78B00300211CA296001F246E /* Frameworks */ = {
			isa = PBXFrameworksBuildPhase;
			buildActionMask = 2147483647;
			files = (
				AAC40FF05CCDAD282B5256E7 /* Pods_pad_db.framework in Frameworks */,
			);
			runOnlyForDeploymentPostprocessing = 0;
		};
/* End PBXFrameworksBuildPhase section */

/* Begin PBXGroup section */
		54B33E391DF1F1B248923797 /* Frameworks */ = {
			isa = PBXGroup;
			children = (
				E7DA29BB8DC4A4C0F3A8FFFC /* Pods_pad_db.framework */,
			);
			name = Frameworks;
			sourceTree = "<group>";
		};
		71AA73BF487D38F523BD496B /* Pods */ = {
			isa = PBXGroup;
			children = (
				F1AF30AA3F21760F9C1DD0C2 /* Pods-pad-db.debug.xcconfig */,
				E6C443A1101AA4662E9D9211 /* Pods-pad-db.release.xcconfig */,
			);
			name = Pods;
			sourceTree = "<group>";
		};
		78B002FA211CA296001F246E = {
			isa = PBXGroup;
			children = (
				78B00305211CA296001F246E /* pad-db */,
				78B00304211CA296001F246E /* Products */,
				71AA73BF487D38F523BD496B /* Pods */,
				54B33E391DF1F1B248923797 /* Frameworks */,
			);
			sourceTree = "<group>";
		};
		78B00304211CA296001F246E /* Products */ = {
			isa = PBXGroup;
			children = (
				78B00303211CA296001F246E /* pad-db.app */,
			);
			name = Products;
			sourceTree = "<group>";
		};
		78B00305211CA296001F246E /* pad-db */ = {
			isa = PBXGroup;
			children = (
				78F0374C21ED89D9002B7468 /* Skills */,
				78D1EAFE21EC27FF002D4197 /* Leaderboard */,
				78D6885A21D6FF43001C0DEF /* Monsters */,
				78D6885721CB4D86001C0DEF /* Guerrilla Dungeons */,
				78B00306211CA297001F246E /* AppDelegate.swift */,
				78B00310211CA297001F246E /* Assets.xcassets */,
				78B00315211CA297001F246E /* Info.plist */,
				78B0030D211CA297001F246E /* pad_db.xcdatamodeld */,
				78D6885B21E5459F001C0DEF /* TabController.swift */,
				78F0374A21EC5666002B7468 /* Storyboard.storyboard */,
			);
			path = "pad-db";
			sourceTree = "<group>";
		};
		78D12D4721E95E8F00F4971A /* Monster View */ = {
			isa = PBXGroup;
			children = (
				78D6886321E6B357001C0DEF /* MonsterVC.swift */,
				78D6886521E6F431001C0DEF /* MultiplierUtils.swift */,
				78D1EAEE21EA97BC002D4197 /* MonsterVCUtils.swift */,
				78D1EAF221EBF261002D4197 /* SetupStatUtils.swift */,
				78D1EAF421EBF2A7002D4197 /* SetupHeaderUtils.swift */,
				78D1EAF621EBF2CA002D4197 /* SetupAwakeningUtils.swift */,
				78D1EAF821EBF2FA002D4197 /* SetupSkillUtils.swift */,
				78D1EAFA21EBF31D002D4197 /* SetupEvoUtils.swift */,
				78D1EAFC21EC0ACA002D4197 /* SetupSaleItemUtil.swift */,
			);
			path = "Monster View";
			sourceTree = "<group>";
		};
		78D12D4821E95EAD00F4971A /* Monster Table */ = {
			isa = PBXGroup;
			children = (
				78B0031B211CA2FC001F246E /* MonsterTableController.swift */,
				78D6885D21E55613001C0DEF /* MonsterCell.swift */,
			);
			path = "Monster Table";
			sourceTree = "<group>";
		};
		78D12D4921E95F4000F4971A /* Monster Table Utils */ = {
			isa = PBXGroup;
			children = (
				78D12D3F21E94D7700F4971A /* MonsterTableSkillUtils.swift */,
				78D12D4121E95C4400F4971A /* MonsterTableVars.swift */,
				78D12D4321E95CD600F4971A /* MonsterTableMonsterUtils.swift */,
				78D12D4521E95E6900F4971A /* MonsterTableUtils.swift */,
			);
			path = "Monster Table Utils";
			sourceTree = "<group>";
		};
		78D1EAFE21EC27FF002D4197 /* Leaderboard */ = {
			isa = PBXGroup;
			children = (
				78D1EAFF21EC291A002D4197 /* LeaderboardTableVC.swift */,
				78D1EB0121EC295E002D4197 /* LeaderboardUtils.swift */,
				78D1EB0321EC2A6A002D4197 /* LeaderboardVars.swift */,
				78D1EB0521EC2CFD002D4197 /* LeaderboardCell.swift */,
			);
			path = Leaderboard;
			sourceTree = "<group>";
		};
		78D6885721CB4D86001C0DEF /* Guerrilla Dungeons */ = {
			isa = PBXGroup;
			children = (
				78D6885521CB07BD001C0DEF /* GuerrillaTableViewController.swift */,
				78D6885821CB4DAC001C0DEF /* GuerrillaCell.swift */,
			);
			path = "Guerrilla Dungeons";
			sourceTree = "<group>";
		};
		78D6885A21D6FF43001C0DEF /* Monsters */ = {
			isa = PBXGroup;
			children = (
				78D12D4921E95F4000F4971A /* Monster Table Utils */,
				78D12D4821E95EAD00F4971A /* Monster Table */,
				78D12D4721E95E8F00F4971A /* Monster View */,
			);
			path = Monsters;
			sourceTree = "<group>";
		};
		78F0374C21ED89D9002B7468 /* Skills */ = {
			isa = PBXGroup;
			children = (
				7888153421ED8B02004981D2 /* SkillTableVC.swift */,
				7888153621ED8CAB004981D2 /* SkillTableUtils.swift */,
				7888153821ED8D8F004981D2 /* SkillCell.swift */,
				78F0782021ED97C300F0DE1B /* GeneralUtils.swift */,
				78F0782221ED990300F0DE1B /* SkillCellUtils.swift */,
			);
			path = Skills;
			sourceTree = "<group>";
		};
/* End PBXGroup section */

/* Begin PBXNativeTarget section */
		78B00302211CA296001F246E /* pad-db */ = {
			isa = PBXNativeTarget;
			buildConfigurationList = 78B00318211CA297001F246E /* Build configuration list for PBXNativeTarget "pad-db" */;
			buildPhases = (
				F1C9110E2A165F5E19975CA8 /* [CP] Check Pods Manifest.lock */,
				78B002FF211CA296001F246E /* Sources */,
				78B00300211CA296001F246E /* Frameworks */,
				78B00301211CA296001F246E /* Resources */,
				24A5A30A462DAC3D91BBD02B /* [CP] Embed Pods Frameworks */,
			);
			buildRules = (
			);
			dependencies = (
			);
			name = "pad-db";
			productName = "pad-db";
			productReference = 78B00303211CA296001F246E /* pad-db.app */;
			productType = "com.apple.product-type.application";
		};
/* End PBXNativeTarget section */

/* Begin PBXProject section */
		78B002FB211CA296001F246E /* Project object */ = {
			isa = PBXProject;
			attributes = {
				LastSwiftUpdateCheck = 0940;
				LastUpgradeCheck = 0940;
				ORGANIZATIONNAME = "Rohil Thopu";
				TargetAttributes = {
					78B00302211CA296001F246E = {
						CreatedOnToolsVersion = 9.4.1;
						LastSwiftMigration = 1010;
					};
				};
			};
			buildConfigurationList = 78B002FE211CA296001F246E /* Build configuration list for PBXProject "pad-db" */;
			compatibilityVersion = "Xcode 9.3";
			developmentRegion = en;
			hasScannedForEncodings = 0;
			knownRegions = (
				en,
				Base,
			);
			mainGroup = 78B002FA211CA296001F246E;
			productRefGroup = 78B00304211CA296001F246E /* Products */;
			projectDirPath = "";
			projectRoot = "";
			targets = (
				78B00302211CA296001F246E /* pad-db */,
			);
		};
/* End PBXProject section */

/* Begin PBXResourcesBuildPhase section */
		78B00301211CA296001F246E /* Resources */ = {
			isa = PBXResourcesBuildPhase;
			buildActionMask = 2147483647;
			files = (
				78B00311211CA297001F246E /* Assets.xcassets in Resources */,
				78F0374B21EC5666002B7468 /* Storyboard.storyboard in Resources */,
			);
			runOnlyForDeploymentPostprocessing = 0;
		};
/* End PBXResourcesBuildPhase section */

/* Begin PBXShellScriptBuildPhase section */
		24A5A30A462DAC3D91BBD02B /* [CP] Embed Pods Frameworks */ = {
			isa = PBXShellScriptBuildPhase;
			buildActionMask = 2147483647;
			files = (
			);
			inputPaths = (
				"${SRCROOT}/Pods/Target Support Files/Pods-pad-db/Pods-pad-db-frameworks.sh",
				"${BUILT_PRODUCTS_DIR}/Kingfisher/Kingfisher.framework",
				"${BUILT_PRODUCTS_DIR}/SwiftyJSON/SwiftyJSON.framework",
			);
			name = "[CP] Embed Pods Frameworks";
			outputPaths = (
				"${TARGET_BUILD_DIR}/${FRAMEWORKS_FOLDER_PATH}/Kingfisher.framework",
				"${TARGET_BUILD_DIR}/${FRAMEWORKS_FOLDER_PATH}/SwiftyJSON.framework",
			);
			runOnlyForDeploymentPostprocessing = 0;
			shellPath = /bin/sh;
			shellScript = "\"${SRCROOT}/Pods/Target Support Files/Pods-pad-db/Pods-pad-db-frameworks.sh\"\n";
			showEnvVarsInLog = 0;
		};
		F1C9110E2A165F5E19975CA8 /* [CP] Check Pods Manifest.lock */ = {
			isa = PBXShellScriptBuildPhase;
			buildActionMask = 2147483647;
			files = (
			);
			inputPaths = (
				"${PODS_PODFILE_DIR_PATH}/Podfile.lock",
				"${PODS_ROOT}/Manifest.lock",
			);
			name = "[CP] Check Pods Manifest.lock";
			outputPaths = (
				"$(DERIVED_FILE_DIR)/Pods-pad-db-checkManifestLockResult.txt",
			);
			runOnlyForDeploymentPostprocessing = 0;
			shellPath = /bin/sh;
			shellScript = "diff \"${PODS_PODFILE_DIR_PATH}/Podfile.lock\" \"${PODS_ROOT}/Manifest.lock\" > /dev/null\nif [ $? != 0 ] ; then\n    # print error to STDERR\n    echo \"error: The sandbox is not in sync with the Podfile.lock. Run 'pod install' or update your CocoaPods installation.\" >&2\n    exit 1\nfi\n# This output is used by Xcode 'outputs' to avoid re-running this script phase.\necho \"SUCCESS\" > \"${SCRIPT_OUTPUT_FILE_0}\"\n";
			showEnvVarsInLog = 0;
		};
/* End PBXShellScriptBuildPhase section */

/* Begin PBXSourcesBuildPhase section */
		78B002FF211CA296001F246E /* Sources */ = {
			isa = PBXSourcesBuildPhase;
			buildActionMask = 2147483647;
			files = (
				78D1EB0421EC2A6A002D4197 /* LeaderboardVars.swift in Sources */,
				78D12D4021E94D7700F4971A /* MonsterTableSkillUtils.swift in Sources */,
				78B0030F211CA297001F246E /* pad_db.xcdatamodeld in Sources */,
				78D6885C21E5459F001C0DEF /* TabController.swift in Sources */,
				78B0031C211CA2FC001F246E /* MonsterTableController.swift in Sources */,
				78D6886621E6F431001C0DEF /* MultiplierUtils.swift in Sources */,
				78D1EB0021EC291A002D4197 /* LeaderboardTableVC.swift in Sources */,
				78D6886421E6B357001C0DEF /* MonsterVC.swift in Sources */,
				78D1EAF721EBF2CA002D4197 /* SetupAwakeningUtils.swift in Sources */,
				78B00307211CA297001F246E /* AppDelegate.swift in Sources */,
				78D1EB0221EC295E002D4197 /* LeaderboardUtils.swift in Sources */,
				78D12D4421E95CD600F4971A /* MonsterTableMonsterUtils.swift in Sources */,
				78D1EAF921EBF2FA002D4197 /* SetupSkillUtils.swift in Sources */,
				78D1EB0621EC2CFD002D4197 /* LeaderboardCell.swift in Sources */,
				78D6885921CB4DAC001C0DEF /* GuerrillaCell.swift in Sources */,
				78F0782321ED990300F0DE1B /* SkillCellUtils.swift in Sources */,
				78D1EAF521EBF2A7002D4197 /* SetupHeaderUtils.swift in Sources */,
				78F0782121ED97C300F0DE1B /* GeneralUtils.swift in Sources */,
				78D1EAEF21EA97BC002D4197 /* MonsterVCUtils.swift in Sources */,
				78D12D4221E95C4400F4971A /* MonsterTableVars.swift in Sources */,
				78D1EAF321EBF261002D4197 /* SetupStatUtils.swift in Sources */,
				7888153921ED8D8F004981D2 /* SkillCell.swift in Sources */,
				78D12D4621E95E6900F4971A /* MonsterTableUtils.swift in Sources */,
				7888153721ED8CAB004981D2 /* SkillTableUtils.swift in Sources */,
				78D6885621CB07BD001C0DEF /* GuerrillaTableViewController.swift in Sources */,
				78D1EAFD21EC0ACA002D4197 /* SetupSaleItemUtil.swift in Sources */,
				7888153521ED8B02004981D2 /* SkillTableVC.swift in Sources */,
				78D1EAFB21EBF31D002D4197 /* SetupEvoUtils.swift in Sources */,
				78D6885E21E55613001C0DEF /* MonsterCell.swift in Sources */,
			);
			runOnlyForDeploymentPostprocessing = 0;
		};
/* End PBXSourcesBuildPhase section */

/* Begin XCBuildConfiguration section */
		78B00316211CA297001F246E /* Debug */ = {
			isa = XCBuildConfiguration;
			buildSettings = {
				ALWAYS_SEARCH_USER_PATHS = NO;
				CLANG_ANALYZER_NONNULL = YES;
				CLANG_ANALYZER_NUMBER_OBJECT_CONVERSION = YES_AGGRESSIVE;
				CLANG_CXX_LANGUAGE_STANDARD = "gnu++14";
				CLANG_CXX_LIBRARY = "libc++";
				CLANG_ENABLE_MODULES = YES;
				CLANG_ENABLE_OBJC_ARC = YES;
				CLANG_ENABLE_OBJC_WEAK = YES;
				CLANG_WARN_BLOCK_CAPTURE_AUTORELEASING = YES;
				CLANG_WARN_BOOL_CONVERSION = YES;
				CLANG_WARN_COMMA = YES;
				CLANG_WARN_CONSTANT_CONVERSION = YES;
				CLANG_WARN_DEPRECATED_OBJC_IMPLEMENTATIONS = YES;
				CLANG_WARN_DIRECT_OBJC_ISA_USAGE = YES_ERROR;
				CLANG_WARN_DOCUMENTATION_COMMENTS = YES;
				CLANG_WARN_EMPTY_BODY = YES;
				CLANG_WARN_ENUM_CONVERSION = YES;
				CLANG_WARN_INFINITE_RECURSION = YES;
				CLANG_WARN_INT_CONVERSION = YES;
				CLANG_WARN_NON_LITERAL_NULL_CONVERSION = YES;
				CLANG_WARN_OBJC_IMPLICIT_RETAIN_SELF = YES;
				CLANG_WARN_OBJC_LITERAL_CONVERSION = YES;
				CLANG_WARN_OBJC_ROOT_CLASS = YES_ERROR;
				CLANG_WARN_RANGE_LOOP_ANALYSIS = YES;
				CLANG_WARN_STRICT_PROTOTYPES = YES;
				CLANG_WARN_SUSPICIOUS_MOVE = YES;
				CLANG_WARN_UNGUARDED_AVAILABILITY = YES_AGGRESSIVE;
				CLANG_WARN_UNREACHABLE_CODE = YES;
				CLANG_WARN__DUPLICATE_METHOD_MATCH = YES;
				CODE_SIGN_IDENTITY = "iPhone Developer";
				COPY_PHASE_STRIP = NO;
				DEBUG_INFORMATION_FORMAT = dwarf;
				ENABLE_STRICT_OBJC_MSGSEND = YES;
				ENABLE_TESTABILITY = YES;
				GCC_C_LANGUAGE_STANDARD = gnu11;
				GCC_DYNAMIC_NO_PIC = NO;
				GCC_NO_COMMON_BLOCKS = YES;
				GCC_OPTIMIZATION_LEVEL = 0;
				GCC_PREPROCESSOR_DEFINITIONS = (
					"DEBUG=1",
					"$(inherited)",
				);
				GCC_WARN_64_TO_32_BIT_CONVERSION = YES;
				GCC_WARN_ABOUT_RETURN_TYPE = YES_ERROR;
				GCC_WARN_UNDECLARED_SELECTOR = YES;
				GCC_WARN_UNINITIALIZED_AUTOS = YES_AGGRESSIVE;
				GCC_WARN_UNUSED_FUNCTION = YES;
				GCC_WARN_UNUSED_VARIABLE = YES;
				IPHONEOS_DEPLOYMENT_TARGET = 11.4;
				MTL_ENABLE_DEBUG_INFO = YES;
				ONLY_ACTIVE_ARCH = YES;
				SDKROOT = iphoneos;
				SWIFT_ACTIVE_COMPILATION_CONDITIONS = DEBUG;
				SWIFT_OPTIMIZATION_LEVEL = "-Onone";
			};
			name = Debug;
		};
		78B00317211CA297001F246E /* Release */ = {
			isa = XCBuildConfiguration;
			buildSettings = {
				ALWAYS_SEARCH_USER_PATHS = NO;
				CLANG_ANALYZER_NONNULL = YES;
				CLANG_ANALYZER_NUMBER_OBJECT_CONVERSION = YES_AGGRESSIVE;
				CLANG_CXX_LANGUAGE_STANDARD = "gnu++14";
				CLANG_CXX_LIBRARY = "libc++";
				CLANG_ENABLE_MODULES = YES;
				CLANG_ENABLE_OBJC_ARC = YES;
				CLANG_ENABLE_OBJC_WEAK = YES;
				CLANG_WARN_BLOCK_CAPTURE_AUTORELEASING = YES;
				CLANG_WARN_BOOL_CONVERSION = YES;
				CLANG_WARN_COMMA = YES;
				CLANG_WARN_CONSTANT_CONVERSION = YES;
				CLANG_WARN_DEPRECATED_OBJC_IMPLEMENTATIONS = YES;
				CLANG_WARN_DIRECT_OBJC_ISA_USAGE = YES_ERROR;
				CLANG_WARN_DOCUMENTATION_COMMENTS = YES;
				CLANG_WARN_EMPTY_BODY = YES;
				CLANG_WARN_ENUM_CONVERSION = YES;
				CLANG_WARN_INFINITE_RECURSION = YES;
				CLANG_WARN_INT_CONVERSION = YES;
				CLANG_WARN_NON_LITERAL_NULL_CONVERSION = YES;
				CLANG_WARN_OBJC_IMPLICIT_RETAIN_SELF = YES;
				CLANG_WARN_OBJC_LITERAL_CONVERSION = YES;
				CLANG_WARN_OBJC_ROOT_CLASS = YES_ERROR;
				CLANG_WARN_RANGE_LOOP_ANALYSIS = YES;
				CLANG_WARN_STRICT_PROTOTYPES = YES;
				CLANG_WARN_SUSPICIOUS_MOVE = YES;
				CLANG_WARN_UNGUARDED_AVAILABILITY = YES_AGGRESSIVE;
				CLANG_WARN_UNREACHABLE_CODE = YES;
				CLANG_WARN__DUPLICATE_METHOD_MATCH = YES;
				CODE_SIGN_IDENTITY = "iPhone Developer";
				COPY_PHASE_STRIP = NO;
				DEBUG_INFORMATION_FORMAT = "dwarf-with-dsym";
				ENABLE_NS_ASSERTIONS = NO;
				ENABLE_STRICT_OBJC_MSGSEND = YES;
				GCC_C_LANGUAGE_STANDARD = gnu11;
				GCC_NO_COMMON_BLOCKS = YES;
				GCC_WARN_64_TO_32_BIT_CONVERSION = YES;
				GCC_WARN_ABOUT_RETURN_TYPE = YES_ERROR;
				GCC_WARN_UNDECLARED_SELECTOR = YES;
				GCC_WARN_UNINITIALIZED_AUTOS = YES_AGGRESSIVE;
				GCC_WARN_UNUSED_FUNCTION = YES;
				GCC_WARN_UNUSED_VARIABLE = YES;
				IPHONEOS_DEPLOYMENT_TARGET = 11.4;
				MTL_ENABLE_DEBUG_INFO = NO;
				SDKROOT = iphoneos;
				SWIFT_COMPILATION_MODE = wholemodule;
				SWIFT_OPTIMIZATION_LEVEL = "-O";
				VALIDATE_PRODUCT = YES;
			};
			name = Release;
		};
		78B00319211CA297001F246E /* Debug */ = {
			isa = XCBuildConfiguration;
			baseConfigurationReference = F1AF30AA3F21760F9C1DD0C2 /* Pods-pad-db.debug.xcconfig */;
			buildSettings = {
				ASSETCATALOG_COMPILER_APPICON_NAME = AppIcon;
				CODE_SIGN_STYLE = Automatic;
				DEVELOPMENT_TEAM = 5TED4Y95QE;
				INFOPLIST_FILE = "pad-db/Info.plist";
				IPHONEOS_DEPLOYMENT_TARGET = 11.0;
				LD_RUNPATH_SEARCH_PATHS = (
					"$(inherited)",
					"@executable_path/Frameworks",
				);
				PRODUCT_BUNDLE_IDENTIFIER = "Rohil-Thopu.pad-db";
				PRODUCT_NAME = "$(TARGET_NAME)";
				SWIFT_VERSION = 4.2;
				TARGETED_DEVICE_FAMILY = 1;
			};
			name = Debug;
		};
		78B0031A211CA297001F246E /* Release */ = {
			isa = XCBuildConfiguration;
			baseConfigurationReference = E6C443A1101AA4662E9D9211 /* Pods-pad-db.release.xcconfig */;
			buildSettings = {
				ASSETCATALOG_COMPILER_APPICON_NAME = AppIcon;
				CODE_SIGN_STYLE = Automatic;
				DEVELOPMENT_TEAM = 5TED4Y95QE;
				INFOPLIST_FILE = "pad-db/Info.plist";
				IPHONEOS_DEPLOYMENT_TARGET = 11.0;
				LD_RUNPATH_SEARCH_PATHS = (
					"$(inherited)",
					"@executable_path/Frameworks",
				);
				PRODUCT_BUNDLE_IDENTIFIER = "Rohil-Thopu.pad-db";
				PRODUCT_NAME = "$(TARGET_NAME)";
				SWIFT_VERSION = 4.2;
				TARGETED_DEVICE_FAMILY = 1;
			};
			name = Release;
		};
/* End XCBuildConfiguration section */

/* Begin XCConfigurationList section */
		78B002FE211CA296001F246E /* Build configuration list for PBXProject "pad-db" */ = {
			isa = XCConfigurationList;
			buildConfigurations = (
				78B00316211CA297001F246E /* Debug */,
				78B00317211CA297001F246E /* Release */,
			);
			defaultConfigurationIsVisible = 0;
			defaultConfigurationName = Release;
		};
		78B00318211CA297001F246E /* Build configuration list for PBXNativeTarget "pad-db" */ = {
			isa = XCConfigurationList;
			buildConfigurations = (
				78B00319211CA297001F246E /* Debug */,
				78B0031A211CA297001F246E /* Release */,
			);
			defaultConfigurationIsVisible = 0;
			defaultConfigurationName = Release;
		};
/* End XCConfigurationList section */

/* Begin XCVersionGroup section */
		78B0030D211CA297001F246E /* pad_db.xcdatamodeld */ = {
			isa = XCVersionGroup;
			children = (
				78B0030E211CA297001F246E /* pad_db.xcdatamodel */,
			);
			currentVersion = 78B0030E211CA297001F246E /* pad_db.xcdatamodel */;
			path = pad_db.xcdatamodeld;
			sourceTree = "<group>";
			versionGroupType = wrapper.xcdatamodel;
		};
/* End XCVersionGroup section */
	};
	rootObject = 78B002FB211CA296001F246E /* Project object */;
}
